// !$*UTF8*$!
{
	archiveVersion = 1;
	classes = {
	};
	objectVersion = 50;
	objects = {

/* Begin PBXBuildFile section */
		D31AE6302340DC8000F3ECF6 /* TPBIGS_SelectDelegate.swift in Sources */ = {isa = PBXBuildFile; fileRef = D31AE62F2340DC8000F3ECF6 /* TPBIGS_SelectDelegate.swift */; };
		D32BF1492340EFA4002C0D23 /* TPBIGS.swift in Sources */ = {isa = PBXBuildFile; fileRef = D32BF1482340EFA4002C0D23 /* TPBIGS.swift */; };
		D3878B9623401C27008CC133 /* AppDelegate.swift in Sources */ = {isa = PBXBuildFile; fileRef = D3878B9523401C27008CC133 /* AppDelegate.swift */; };
		D3878B9823401C27008CC133 /* Assets.xcassets in Resources */ = {isa = PBXBuildFile; fileRef = D3878B9723401C27008CC133 /* Assets.xcassets */; };
		D3878B9B23401C28008CC133 /* MainMenu.xib in Resources */ = {isa = PBXBuildFile; fileRef = D3878B9923401C28008CC133 /* MainMenu.xib */; };
		D3878BA623401DE1008CC133 /* AppController.swift in Sources */ = {isa = PBXBuildFile; fileRef = D3878BA523401DE1008CC133 /* AppController.swift */; };
		D3878BA823402348008CC133 /* PCH_Defs.swift in Sources */ = {isa = PBXBuildFile; fileRef = D3878BA723402348008CC133 /* PCH_Defs.swift */; };
		D3878BAA2340261B008CC133 /* GlobalDefs.swift in Sources */ = {isa = PBXBuildFile; fileRef = D3878BA92340261B008CC133 /* GlobalDefs.swift */; };
/* End PBXBuildFile section */

/* Begin PBXFileReference section */
		D31AE62F2340DC8000F3ECF6 /* TPBIGS_SelectDelegate.swift */ = {isa = PBXFileReference; lastKnownFileType = sourcecode.swift; path = TPBIGS_SelectDelegate.swift; sourceTree = "<group>"; };
		D32BF1482340EFA4002C0D23 /* TPBIGS.swift */ = {isa = PBXFileReference; lastKnownFileType = sourcecode.swift; path = TPBIGS.swift; sourceTree = "<group>"; };
		D3878B9223401C27008CC133 /* RunATP.app */ = {isa = PBXFileReference; explicitFileType = wrapper.application; includeInIndex = 0; path = RunATP.app; sourceTree = BUILT_PRODUCTS_DIR; };
		D3878B9523401C27008CC133 /* AppDelegate.swift */ = {isa = PBXFileReference; lastKnownFileType = sourcecode.swift; path = AppDelegate.swift; sourceTree = "<group>"; };
		D3878B9723401C27008CC133 /* Assets.xcassets */ = {isa = PBXFileReference; lastKnownFileType = folder.assetcatalog; path = Assets.xcassets; sourceTree = "<group>"; };
		D3878B9A23401C28008CC133 /* Base */ = {isa = PBXFileReference; lastKnownFileType = file.xib; name = Base; path = Base.lproj/MainMenu.xib; sourceTree = "<group>"; };
		D3878B9C23401C28008CC133 /* Info.plist */ = {isa = PBXFileReference; lastKnownFileType = text.plist.xml; path = Info.plist; sourceTree = "<group>"; };
		D3878B9D23401C28008CC133 /* RunATP.entitlements */ = {isa = PBXFileReference; lastKnownFileType = text.plist.entitlements; path = RunATP.entitlements; sourceTree = "<group>"; };
		D3878BA523401DE1008CC133 /* AppController.swift */ = {isa = PBXFileReference; lastKnownFileType = sourcecode.swift; path = AppController.swift; sourceTree = "<group>"; };
		D3878BA723402348008CC133 /* PCH_Defs.swift */ = {isa = PBXFileReference; fileEncoding = 4; lastKnownFileType = sourcecode.swift; name = PCH_Defs.swift; path = ../../../../Dropbox/MyProjects/PCH_Defs.swift; sourceTree = "<group>"; };
		D3878BA92340261B008CC133 /* GlobalDefs.swift */ = {isa = PBXFileReference; fileEncoding = 4; lastKnownFileType = sourcecode.swift; name = GlobalDefs.swift; path = ../../../../Dropbox/MyProjects/GlobalDefs.swift; sourceTree = "<group>"; };
/* End PBXFileReference section */

/* Begin PBXFrameworksBuildPhase section */
		D3878B8F23401C27008CC133 /* Frameworks */ = {
			isa = PBXFrameworksBuildPhase;
			buildActionMask = 2147483647;
			files = (
			);
			runOnlyForDeploymentPostprocessing = 0;
		};
/* End PBXFrameworksBuildPhase section */

/* Begin PBXGroup section */
		D3878B8923401C27008CC133 = {
			isa = PBXGroup;
			children = (
				D3878B9423401C27008CC133 /* RunATP */,
				D3878B9323401C27008CC133 /* Products */,
			);
			sourceTree = "<group>";
		};
		D3878B9323401C27008CC133 /* Products */ = {
			isa = PBXGroup;
			children = (
				D3878B9223401C27008CC133 /* RunATP.app */,
			);
			name = Products;
			sourceTree = "<group>";
		};
		D3878B9423401C27008CC133 /* RunATP */ = {
			isa = PBXGroup;
			children = (
				D3878B9523401C27008CC133 /* AppDelegate.swift */,
				D3878BA523401DE1008CC133 /* AppController.swift */,
				D31AE62F2340DC8000F3ECF6 /* TPBIGS_SelectDelegate.swift */,
				D32BF1482340EFA4002C0D23 /* TPBIGS.swift */,
				D3878BA92340261B008CC133 /* GlobalDefs.swift */,
				D3878BA723402348008CC133 /* PCH_Defs.swift */,
				D3878B9723401C27008CC133 /* Assets.xcassets */,
				D3878B9923401C28008CC133 /* MainMenu.xib */,
				D3878B9C23401C28008CC133 /* Info.plist */,
				D3878B9D23401C28008CC133 /* RunATP.entitlements */,
			);
			path = RunATP;
			sourceTree = "<group>";
		};
/* End PBXGroup section */

/* Begin PBXNativeTarget section */
		D3878B9123401C27008CC133 /* RunATP */ = {
			isa = PBXNativeTarget;
			buildConfigurationList = D3878BA023401C28008CC133 /* Build configuration list for PBXNativeTarget "RunATP" */;
			buildPhases = (
				D3878B8E23401C27008CC133 /* Sources */,
				D3878B8F23401C27008CC133 /* Frameworks */,
				D3878B9023401C27008CC133 /* Resources */,
			);
			buildRules = (
			);
			dependencies = (
			);
			name = RunATP;
			productName = RunATP;
			productReference = D3878B9223401C27008CC133 /* RunATP.app */;
			productType = "com.apple.product-type.application";
		};
/* End PBXNativeTarget section */

/* Begin PBXProject section */
		D3878B8A23401C27008CC133 /* Project object */ = {
			isa = PBXProject;
			attributes = {
				LastSwiftUpdateCheck = 1100;
				LastUpgradeCheck = 1100;
				ORGANIZATIONNAME = "Peter Huber";
				TargetAttributes = {
					D3878B9123401C27008CC133 = {
						CreatedOnToolsVersion = 11.0;
					};
				};
			};
			buildConfigurationList = D3878B8D23401C27008CC133 /* Build configuration list for PBXProject "RunATP" */;
			compatibilityVersion = "Xcode 9.3";
			developmentRegion = en;
			hasScannedForEncodings = 0;
			knownRegions = (
				en,
				Base,
			);
			mainGroup = D3878B8923401C27008CC133;
			productRefGroup = D3878B9323401C27008CC133 /* Products */;
			projectDirPath = "";
			projectRoot = "";
			targets = (
				D3878B9123401C27008CC133 /* RunATP */,
			);
		};
/* End PBXProject section */

/* Begin PBXResourcesBuildPhase section */
		D3878B9023401C27008CC133 /* Resources */ = {
			isa = PBXResourcesBuildPhase;
			buildActionMask = 2147483647;
			files = (
				D3878B9823401C27008CC133 /* Assets.xcassets in Resources */,
				D3878B9B23401C28008CC133 /* MainMenu.xib in Resources */,
			);
			runOnlyForDeploymentPostprocessing = 0;
		};
/* End PBXResourcesBuildPhase section */

/* Begin PBXSourcesBuildPhase section */
		D3878B8E23401C27008CC133 /* Sources */ = {
			isa = PBXSourcesBuildPhase;
			buildActionMask = 2147483647;
			files = (
				D31AE6302340DC8000F3ECF6 /* TPBIGS_SelectDelegate.swift in Sources */,
				D3878BA823402348008CC133 /* PCH_Defs.swift in Sources */,
				D32BF1492340EFA4002C0D23 /* TPBIGS.swift in Sources */,
				D3878B9623401C27008CC133 /* AppDelegate.swift in Sources */,
				D3878BAA2340261B008CC133 /* GlobalDefs.swift in Sources */,
				D3878BA623401DE1008CC133 /* AppController.swift in Sources */,
			);
			runOnlyForDeploymentPostprocessing = 0;
		};
/* End PBXSourcesBuildPhase section */

/* Begin PBXVariantGroup section */
		D3878B9923401C28008CC133 /* MainMenu.xib */ = {
			isa = PBXVariantGroup;
			children = (
				D3878B9A23401C28008CC133 /* Base */,
			);
			name = MainMenu.xib;
			sourceTree = "<group>";
		};
/* End PBXVariantGroup section */

/* Begin XCBuildConfiguration section */
		D3878B9E23401C28008CC133 /* Debug */ = {
			isa = XCBuildConfiguration;
			buildSettings = {
				ALWAYS_SEARCH_USER_PATHS = NO;
				CLANG_ANALYZER_NONNULL = YES;
				CLANG_ANALYZER_NUMBER_OBJECT_CONVERSION = YES_AGGRESSIVE;
				CLANG_CXX_LANGUAGE_STANDARD = "gnu++14";
				CLANG_CXX_LIBRARY = "libc++";
				CLANG_ENABLE_MODULES = YES;
				CLANG_ENABLE_OBJC_ARC = YES;
				CLANG_ENABLE_OBJC_WEAK = YES;
				CLANG_WARN_BLOCK_CAPTURE_AUTORELEASING = YES;
				CLANG_WARN_BOOL_CONVERSION = YES;
				CLANG_WARN_COMMA = YES;
				CLANG_WARN_CONSTANT_CONVERSION = YES;
				CLANG_WARN_DEPRECATED_OBJC_IMPLEMENTATIONS = YES;
				CLANG_WARN_DIRECT_OBJC_ISA_USAGE = YES_ERROR;
				CLANG_WARN_DOCUMENTATION_COMMENTS = YES;
				CLANG_WARN_EMPTY_BODY = YES;
				CLANG_WARN_ENUM_CONVERSION = YES;
				CLANG_WARN_INFINITE_RECURSION = YES;
				CLANG_WARN_INT_CONVERSION = YES;
				CLANG_WARN_NON_LITERAL_NULL_CONVERSION = YES;
				CLANG_WARN_OBJC_IMPLICIT_RETAIN_SELF = YES;
				CLANG_WARN_OBJC_LITERAL_CONVERSION = YES;
				CLANG_WARN_OBJC_ROOT_CLASS = YES_ERROR;
				CLANG_WARN_RANGE_LOOP_ANALYSIS = YES;
				CLANG_WARN_STRICT_PROTOTYPES = YES;
				CLANG_WARN_SUSPICIOUS_MOVE = YES;
				CLANG_WARN_UNGUARDED_AVAILABILITY = YES_AGGRESSIVE;
				CLANG_WARN_UNREACHABLE_CODE = YES;
				CLANG_WARN__DUPLICATE_METHOD_MATCH = YES;
				COPY_PHASE_STRIP = NO;
				DEBUG_INFORMATION_FORMAT = dwarf;
				ENABLE_STRICT_OBJC_MSGSEND = YES;
				ENABLE_TESTABILITY = YES;
				GCC_C_LANGUAGE_STANDARD = gnu11;
				GCC_DYNAMIC_NO_PIC = NO;
				GCC_NO_COMMON_BLOCKS = YES;
				GCC_OPTIMIZATION_LEVEL = 0;
				GCC_PREPROCESSOR_DEFINITIONS = (
					"DEBUG=1",
					"$(inherited)",
				);
				GCC_WARN_64_TO_32_BIT_CONVERSION = YES;
				GCC_WARN_ABOUT_RETURN_TYPE = YES_ERROR;
				GCC_WARN_UNDECLARED_SELECTOR = YES;
				GCC_WARN_UNINITIALIZED_AUTOS = YES_AGGRESSIVE;
				GCC_WARN_UNUSED_FUNCTION = YES;
				GCC_WARN_UNUSED_VARIABLE = YES;
				MACOSX_DEPLOYMENT_TARGET = 10.14;
				MTL_ENABLE_DEBUG_INFO = INCLUDE_SOURCE;
				MTL_FAST_MATH = YES;
				ONLY_ACTIVE_ARCH = YES;
				SDKROOT = macosx;
				SWIFT_ACTIVE_COMPILATION_CONDITIONS = DEBUG;
				SWIFT_OPTIMIZATION_LEVEL = "-Onone";
			};
			name = Debug;
		};
		D3878B9F23401C28008CC133 /* Release */ = {
			isa = XCBuildConfiguration;
			buildSettings = {
				ALWAYS_SEARCH_USER_PATHS = NO;
				CLANG_ANALYZER_NONNULL = YES;
				CLANG_ANALYZER_NUMBER_OBJECT_CONVERSION = YES_AGGRESSIVE;
				CLANG_CXX_LANGUAGE_STANDARD = "gnu++14";
				CLANG_CXX_LIBRARY = "libc++";
				CLANG_ENABLE_MODULES = YES;
				CLANG_ENABLE_OBJC_ARC = YES;
				CLANG_ENABLE_OBJC_WEAK = YES;
				CLANG_WARN_BLOCK_CAPTURE_AUTORELEASING = YES;
				CLANG_WARN_BOOL_CONVERSION = YES;
				CLANG_WARN_COMMA = YES;
				CLANG_WARN_CONSTANT_CONVERSION = YES;
				CLANG_WARN_DEPRECATED_OBJC_IMPLEMENTATIONS = YES;
				CLANG_WARN_DIRECT_OBJC_ISA_USAGE = YES_ERROR;
				CLANG_WARN_DOCUMENTATION_COMMENTS = YES;
				CLANG_WARN_EMPTY_BODY = YES;
				CLANG_WARN_ENUM_CONVERSION = YES;
				CLANG_WARN_INFINITE_RECURSION = YES;
				CLANG_WARN_INT_CONVERSION = YES;
				CLANG_WARN_NON_LITERAL_NULL_CONVERSION = YES;
				CLANG_WARN_OBJC_IMPLICIT_RETAIN_SELF = YES;
				CLANG_WARN_OBJC_LITERAL_CONVERSION = YES;
				CLANG_WARN_OBJC_ROOT_CLASS = YES_ERROR;
				CLANG_WARN_RANGE_LOOP_ANALYSIS = YES;
				CLANG_WARN_STRICT_PROTOTYPES = YES;
				CLANG_WARN_SUSPICIOUS_MOVE = YES;
				CLANG_WARN_UNGUARDED_AVAILABILITY = YES_AGGRESSIVE;
				CLANG_WARN_UNREACHABLE_CODE = YES;
				CLANG_WARN__DUPLICATE_METHOD_MATCH = YES;
				COPY_PHASE_STRIP = NO;
				DEBUG_INFORMATION_FORMAT = "dwarf-with-dsym";
				ENABLE_NS_ASSERTIONS = NO;
				ENABLE_STRICT_OBJC_MSGSEND = YES;
				GCC_C_LANGUAGE_STANDARD = gnu11;
				GCC_NO_COMMON_BLOCKS = YES;
				GCC_WARN_64_TO_32_BIT_CONVERSION = YES;
				GCC_WARN_ABOUT_RETURN_TYPE = YES_ERROR;
				GCC_WARN_UNDECLARED_SELECTOR = YES;
				GCC_WARN_UNINITIALIZED_AUTOS = YES_AGGRESSIVE;
				GCC_WARN_UNUSED_FUNCTION = YES;
				GCC_WARN_UNUSED_VARIABLE = YES;
				MACOSX_DEPLOYMENT_TARGET = 10.14;
				MTL_ENABLE_DEBUG_INFO = NO;
				MTL_FAST_MATH = YES;
				SDKROOT = macosx;
				SWIFT_COMPILATION_MODE = wholemodule;
				SWIFT_OPTIMIZATION_LEVEL = "-O";
			};
			name = Release;
		};
		D3878BA123401C28008CC133 /* Debug */ = {
			isa = XCBuildConfiguration;
			buildSettings = {
				ASSETCATALOG_COMPILER_APPICON_NAME = AppIcon;
				CODE_SIGN_ENTITLEMENTS = RunATP/RunATP.entitlements;
				CODE_SIGN_STYLE = Automatic;
				COMBINE_HIDPI_IMAGES = YES;
				INFOPLIST_FILE = RunATP/Info.plist;
				LD_RUNPATH_SEARCH_PATHS = (
					"$(inherited)",
					"@executable_path/../Frameworks",
				);
				PRODUCT_BUNDLE_IDENTIFIER = com.huberistech.RunATP;
				PRODUCT_NAME = "$(TARGET_NAME)";
				SWIFT_VERSION = 5.0;
			};
			name = Debug;
		};
		D3878BA223401C28008CC133 /* Release */ = {
			isa = XCBuildConfiguration;
			buildSettings = {
				ASSETCATALOG_COMPILER_APPICON_NAME = AppIcon;
				CODE_SIGN_ENTITLEMENTS = RunATP/RunATP.entitlements;
				CODE_SIGN_STYLE = Automatic;
				COMBINE_HIDPI_IMAGES = YES;
				INFOPLIST_FILE = RunATP/Info.plist;
				LD_RUNPATH_SEARCH_PATHS = (
					"$(inherited)",
					"@executable_path/../Frameworks",
				);
				PRODUCT_BUNDLE_IDENTIFIER = com.huberistech.RunATP;
				PRODUCT_NAME = "$(TARGET_NAME)";
				SWIFT_VERSION = 5.0;
			};
			name = Release;
		};
/* End XCBuildConfiguration section */

/* Begin XCConfigurationList section */
		D3878B8D23401C27008CC133 /* Build configuration list for PBXProject "RunATP" */ = {
			isa = XCConfigurationList;
			buildConfigurations = (
				D3878B9E23401C28008CC133 /* Debug */,
				D3878B9F23401C28008CC133 /* Release */,
			);
			defaultConfigurationIsVisible = 0;
			defaultConfigurationName = Release;
		};
		D3878BA023401C28008CC133 /* Build configuration list for PBXNativeTarget "RunATP" */ = {
			isa = XCConfigurationList;
			buildConfigurations = (
				D3878BA123401C28008CC133 /* Debug */,
				D3878BA223401C28008CC133 /* Release */,
			);
			defaultConfigurationIsVisible = 0;
			defaultConfigurationName = Release;
		};
/* End XCConfigurationList section */
	};
	rootObject = D3878B8A23401C27008CC133 /* Project object */;
}
